
Microsoft Visual Studio Solution File, Format Version 12.00
# Visual Studio Version 16
VisualStudioVersion = 16.0.810.9
MinimumVisualStudioVersion = 10.0.40219.1
Project("{FAE04EC0-301F-11D3-BF4B-00C04F79EFBC}") = "Inlamningsuppgift", "Inlamningsuppgift\Inlamningsuppgift.csproj", "{8612ADFF-F43B-4E53-99D6-351D5512DE31}"
EndProject
Global
	GlobalSection(SolutionConfigurationPlatforms) = preSolution
		Debug|anycpu = Debug|anycpu
		Release|anycpu = Release|anycpu
	EndGlobalSection
	GlobalSection(ProjectConfigurationPlatforms) = postSolution
		{8612ADFF-F43B-4E53-99D6-351D5512DE31}.Debug|anycpu.ActiveCfg = Debug|anycpu
		{8612ADFF-F43B-4E53-99D6-351D5512DE31}.Debug|anycpu.Build.0 = Debug|anycpu
		{8612ADFF-F43B-4E53-99D6-351D5512DE31}.Release|anycpu.ActiveCfg = Release|anycpu
		{8612ADFF-F43B-4E53-99D6-351D5512DE31}.Release|anycpu.Build.0 = Release|anycpu
	EndGlobalSection
	GlobalSection(SolutionProperties) = preSolution
		HideSolutionNode = FALSE
	EndGlobalSection
	GlobalSection(ExtensibilityGlobals) = postSolution
		SolutionGuid = {CDD87593-2FB8-42B4-83FA-AFC200AF546F}
	EndGlobalSection
EndGlobal
